
Microsoft Visual Studio Solution File, Format Version 12.00
# Visual Studio 2012
Project("{FAE04EC0-301F-11D3-BF4B-00C04F79EFBC}") = "Facebook.Scrumptious.WindowsPhone", "facebook-scrumptious-windows-phone\Facebook.Scrumptious.WindowsPhone.csproj", "{756FDBA3-1EA8-4518-9A35-CFF2CB07EDCE}"
EndProject
Global
	GlobalSection(SolutionConfigurationPlatforms) = preSolution
		Debug|Any CPU = Debug|Any CPU
		Release|Any CPU = Release|Any CPU
	EndGlobalSection
	GlobalSection(ProjectConfigurationPlatforms) = postSolution
		{756FDBA3-1EA8-4518-9A35-CFF2CB07EDCE}.Debug|Any CPU.ActiveCfg = Debug|Any CPU
		{756FDBA3-1EA8-4518-9A35-CFF2CB07EDCE}.Debug|Any CPU.Build.0 = Debug|Any CPU
		{756FDBA3-1EA8-4518-9A35-CFF2CB07EDCE}.Debug|Any CPU.Deploy.0 = Debug|Any CPU
		{756FDBA3-1EA8-4518-9A35-CFF2CB07EDCE}.Release|Any CPU.ActiveCfg = Release|Any CPU
		{756FDBA3-1EA8-4518-9A35-CFF2CB07EDCE}.Release|Any CPU.Build.0 = Release|Any CPU
		{756FDBA3-1EA8-4518-9A35-CFF2CB07EDCE}.Release|Any CPU.Deploy.0 = Release|Any CPU
	EndGlobalSection
	GlobalSection(SolutionProperties) = preSolution
		HideSolutionNode = FALSE
	EndGlobalSection
EndGlobal
